
Microsoft Visual Studio Solution File, Format Version 12.00
# Visual Studio Version 16
VisualStudioVersion = 16.0.30204.135
MinimumVisualStudioVersion = 10.0.40219.1
Project("{FAE04EC0-301F-11D3-BF4B-00C04F79EFBC}") = "Assembly-CSharp", "..\..\RotatingLevels\Assembly-CSharp.csproj", "{DB66D754-1765-1D71-F2CC-80AC3C923B1B}"
EndProject
Global
	GlobalSection(SolutionConfigurationPlatforms) = preSolution
		Debug|Any CPU = Debug|Any CPU
		Release|Any CPU = Release|Any CPU
	EndGlobalSection
	GlobalSection(ProjectConfigurationPlatforms) = postSolution
		{DB66D754-1765-1D71-F2CC-80AC3C923B1B}.Debug|Any CPU.ActiveCfg = Debug|Any CPU
		{DB66D754-1765-1D71-F2CC-80AC3C923B1B}.Debug|Any CPU.Build.0 = Debug|Any CPU
		{DB66D754-1765-1D71-F2CC-80AC3C923B1B}.Release|Any CPU.ActiveCfg = Release|Any CPU
		{DB66D754-1765-1D71-F2CC-80AC3C923B1B}.Release|Any CPU.Build.0 = Release|Any CPU
	EndGlobalSection
	GlobalSection(SolutionProperties) = preSolution
		HideSolutionNode = FALSE
	EndGlobalSection
	GlobalSection(ExtensibilityGlobals) = postSolution
		SolutionGuid = {51313E81-302B-42F9-835E-D72D6810003C}
	EndGlobalSection
EndGlobal
